PODS:
  - Bolts (1.9.0):
    - Bolts/AppLinks (= 1.9.0)
    - Bolts/Tasks (= 1.9.0)
  - Bolts/AppLinks (1.9.0):
    - Bolts/Tasks
  - Bolts/Tasks (1.9.0)
  - BoringSSL-GRPC (0.0.1):
    - BoringSSL-GRPC/Implementation (= 0.0.1)
    - BoringSSL-GRPC/Interface (= 0.0.1)
  - BoringSSL-GRPC/Implementation (0.0.1):
    - BoringSSL-GRPC/Interface (= 0.0.1)
  - BoringSSL-GRPC/Interface (0.0.1)
  - FBSDKCoreKit (4.37.0):
    - Bolts (~> 1.7)
  - FBSDKLoginKit (4.37.0):
    - FBSDKCoreKit
  - Firebase/Auth (5.4.0):
    - Firebase/CoreOnly
    - FirebaseAuth (= 5.0.2)
  - Firebase/Core (5.4.0):
    - Firebase/CoreOnly
    - FirebaseAnalytics (= 5.0.1)
  - Firebase/CoreOnly (5.4.0):
    - FirebaseCore (= 5.0.5)
  - Firebase/Database (5.4.0):
    - Firebase/CoreOnly
    - FirebaseDatabase (= 5.0.2)
  - Firebase/Firestore (5.4.0):
    - Firebase/CoreOnly
    - FirebaseFirestore (= 0.12.5)
  - Firebase/Storage (5.4.0):
    - Firebase/CoreOnly
    - FirebaseStorage (= 3.0.0)
  - FirebaseAnalytics (5.0.1):
    - FirebaseCore (~> 5.0)
    - FirebaseInstanceID (~> 3.0)
    - "GoogleToolboxForMac/NSData+zlib (~> 2.1)"
    - nanopb (~> 0.3)
  - FirebaseAuth (5.0.2):
    - FirebaseCore (~> 5.0)
    - GTMSessionFetcher/Core (~> 1.1)
  - FirebaseCore (5.0.5):
    - "GoogleToolboxForMac/NSData+zlib (~> 2.1)"
  - FirebaseDatabase (5.0.2):
    - FirebaseCore (~> 5.0)
    - leveldb-library (~> 1.18)
  - FirebaseFirestore (0.12.5):
    - FirebaseCore (~> 5.0)
    - FirebaseFirestore/abseil-cpp (= 0.12.5)
    - gRPC-ProtoRPC (~> 1.0)
    - leveldb-library (~> 1.18)
    - nanopb (~> 0.3.8)
    - Protobuf (~> 3.1)
  - FirebaseFirestore/abseil-cpp (0.12.5):
    - FirebaseCore (~> 5.0)
    - gRPC-ProtoRPC (~> 1.0)
    - leveldb-library (~> 1.18)
    - nanopb (~> 0.3.8)
    - Protobuf (~> 3.1)
  - FirebaseInstanceID (3.1.1):
    - FirebaseCore (~> 5.0)
  - FirebaseStorage (3.0.0):
    - FirebaseCore (~> 5.0)
    - GTMSessionFetcher/Core (~> 1.1)
  - FirebaseUI (5.2.2):
    - FirebaseUI/Anonymous (= 5.2.2)
    - FirebaseUI/Auth (= 5.2.2)
    - FirebaseUI/Database (= 5.2.2)
    - FirebaseUI/Facebook (= 5.2.2)
    - FirebaseUI/Firestore (= 5.2.2)
    - FirebaseUI/Google (= 5.2.2)
    - FirebaseUI/Phone (= 5.2.2)
    - FirebaseUI/Storage (= 5.2.2)
    - FirebaseUI/Twitter (= 5.2.2)
  - FirebaseUI/Anonymous (5.2.2):
    - FirebaseUI/Auth
  - FirebaseUI/Auth (5.2.2):
    - Firebase/Auth (~> 5.0)
  - FirebaseUI/Database (5.2.2):
    - Firebase/Database (~> 5.0)
  - FirebaseUI/Facebook (5.2.2):
    - FBSDKLoginKit (~> 4.0)
    - FirebaseUI/Auth
  - FirebaseUI/Firestore (5.2.2):
    - Firebase/Firestore
  - FirebaseUI/Google (5.2.2):
    - FirebaseUI/Auth
    - GoogleSignIn (~> 4.0)
  - FirebaseUI/Phone (5.2.2):
    - FirebaseUI/Auth
  - FirebaseUI/Storage (5.2.2):
    - Firebase/Storage (~> 5.0)
    - SDWebImage (~> 4.0)
  - FirebaseUI/Twitter (5.2.2):
    - FirebaseUI/Auth
    - TwitterKit (~> 3.0)
  - GoogleSignIn (4.2.0):
    - "GoogleToolboxForMac/NSDictionary+URLArguments (~> 2.1)"
    - "GoogleToolboxForMac/NSString+URLArguments (~> 2.1)"
    - GTMOAuth2 (~> 1.0)
    - GTMSessionFetcher/Core (~> 1.1)
  - GoogleToolboxForMac/DebugUtils (2.1.4):
    - GoogleToolboxForMac/Defines (= 2.1.4)
  - GoogleToolboxForMac/Defines (2.1.4)
  - "GoogleToolboxForMac/NSData+zlib (2.1.4)":
    - GoogleToolboxForMac/Defines (= 2.1.4)
  - "GoogleToolboxForMac/NSDictionary+URLArguments (2.1.4)":
    - GoogleToolboxForMac/DebugUtils (= 2.1.4)
    - GoogleToolboxForMac/Defines (= 2.1.4)
    - "GoogleToolboxForMac/NSString+URLArguments (= 2.1.4)"
  - "GoogleToolboxForMac/NSString+URLArguments (2.1.4)"
  - gRPC (1.15.0):
    - gRPC-RxLibrary (= 1.15.0)
    - gRPC/Main (= 1.15.0)
  - gRPC-Core (1.15.0):
    - gRPC-Core/Implementation (= 1.15.0)
    - gRPC-Core/Interface (= 1.15.0)
  - gRPC-Core/Implementation (1.15.0):
    - BoringSSL-GRPC (= 0.0.1)
    - gRPC-Core/Interface (= 1.15.0)
    - nanopb (~> 0.3)
  - gRPC-Core/Interface (1.15.0)
  - gRPC-ProtoRPC (1.15.0):
    - gRPC-ProtoRPC/Main (= 1.15.0)
  - gRPC-ProtoRPC/Main (1.15.0):
    - gRPC (= 1.15.0)
    - gRPC-RxLibrary (= 1.15.0)
    - Protobuf (~> 3.0)
  - gRPC-RxLibrary (1.15.0)
  - gRPC/Main (1.15.0):
    - gRPC-Core (= 1.15.0)
    - gRPC-RxLibrary (= 1.15.0)
  - GTMOAuth2 (1.1.6):
    - GTMSessionFetcher (~> 1.1)
  - GTMSessionFetcher (1.2.0):
    - GTMSessionFetcher/Full (= 1.2.0)
  - GTMSessionFetcher/Core (1.2.0)
  - GTMSessionFetcher/Full (1.2.0):
    - GTMSessionFetcher/Core (= 1.2.0)
  - leveldb-library (1.20)
  - nanopb (0.3.8):
    - nanopb/decode (= 0.3.8)
    - nanopb/encode (= 0.3.8)
  - nanopb/decode (0.3.8)
  - nanopb/encode (0.3.8)
  - Protobuf (3.6.1)
  - SDWebImage (4.4.2):
    - SDWebImage/Core (= 4.4.2)
  - SDWebImage/Core (4.4.2)
  - TwitterCore (3.2.0)
  - TwitterKit (3.4.0):
    - TwitterCore (>= 3.1.0)

DEPENDENCIES:
  - Firebase/Core
  - Firebase/Firestore
  - Firebase/Storage
  - FirebaseUI

SPEC REPOS:
  https://github.com/cocoapods/specs.git:
    - Bolts
    - BoringSSL-GRPC
    - FBSDKCoreKit
    - FBSDKLoginKit
    - Firebase
    - FirebaseAnalytics
    - FirebaseAuth
    - FirebaseCore
    - FirebaseDatabase
    - FirebaseFirestore
    - FirebaseInstanceID
    - FirebaseStorage
    - FirebaseUI
    - GoogleSignIn
    - GoogleToolboxForMac
    - gRPC
    - gRPC-Core
    - gRPC-ProtoRPC
    - gRPC-RxLibrary
    - GTMOAuth2
    - GTMSessionFetcher
    - leveldb-library
    - nanopb
    - Protobuf
    - SDWebImage
    - TwitterCore
    - TwitterKit

SPEC CHECKSUMS:
  Bolts: ac6567323eac61e203f6a9763667d0f711be34c8
  BoringSSL-GRPC: b7941e85a30e48d3704cfdfe5fb48d3e14106714
  FBSDKCoreKit: fe5f3474499a81963e11e3f3a5c753d0a95ca2b4
  FBSDKLoginKit: 2f7249686d1e30ce8a5ef5400eedf50b3e3df332
  Firebase: d66f4f29c23f22d96808d9abc174d81d8eee968f
  FirebaseAnalytics: b3628aea54c50464c32c393fb2ea032566e7ecc2
  FirebaseAuth: 096e457cdd4274412a66c4a35874787e411f5a03
  FirebaseCore: 42b3267233bd21a5abd54117ccc38ca3dd0f8e83
  FirebaseDatabase: 27be5ac5bc75e0b17537b2bbfada8258addcc8cd
  FirebaseFirestore: b041e4a94601e18e82a863e0dcfa9d3e55cc2031
  FirebaseInstanceID: f3f0657372592ecdfdfe2cac604a5a75758376a6
  FirebaseStorage: 7ca4bb7b58a25fa647b04f524033fc7cb7eb272b
  FirebaseUI: 09519bf436a055cd696bf68687d624423150e4c0
  GoogleSignIn: 591e46382014e591269f862ba6e7bc0fbd793532
  GoogleToolboxForMac: 91c824d21e85b31c2aae9bb011c5027c9b4e738f
  gRPC: d30ff914108c3a4f839e5a93adf70461f3ecbce7
  gRPC-Core: 96b2b7e7dcc5ece02e2d4fed30919eb9a2800517
  gRPC-ProtoRPC: d5bbb8b854889b7ec3a9b84aeccc08e639e98b77
  gRPC-RxLibrary: 99199a2405838e59ac37eed2121c793633878803
  GTMOAuth2: c77fe325e4acd453837e72d91e3b5f13116857b2
  GTMSessionFetcher: 0c4baf0a73acd0041bf9f71ea018deedab5ea84e
  leveldb-library: 08cba283675b7ed2d99629a4bc5fd052cd2bb6a5
  nanopb: 5601e6bca2dbf1ed831b519092ec110f66982ca3
  Protobuf: 1eb9700044745f00181c136ef21b8ff3ad5a0fd5
  SDWebImage: 624d6e296c69b244bcede364c72ae0430ac14681
  TwitterCore: 8cbc9ad34d91c63a0035ea05bfbfc0d7ca72a28c
  TwitterKit: bc7bd086b9b724a1d888745a054e1d0b1ecc4f3f

PODFILE CHECKSUM: a0da82a37827a05b9d23ea1b2b9b0b1ce9200e17

COCOAPODS: 1.5.3
